// !$*UTF8*$!
{
	archiveVersion = 1;
	classes = {
	};
	objectVersion = 50;
	objects = {

/* Begin PBXBuildFile section */
		33212A9022BC319700F0E3C9 /* AppDelegate.swift in Sources */ = {isa = PBXBuildFile; fileRef = 33212A8F22BC319700F0E3C9 /* AppDelegate.swift */; };
		33212A9222BC319700F0E3C9 /* ViewController.swift in Sources */ = {isa = PBXBuildFile; fileRef = 33212A9122BC319700F0E3C9 /* ViewController.swift */; };
		33212A9422BC319800F0E3C9 /* Assets.xcassets in Resources */ = {isa = PBXBuildFile; fileRef = 33212A9322BC319800F0E3C9 /* Assets.xcassets */; };
		33212A9722BC319800F0E3C9 /* Main.storyboard in Resources */ = {isa = PBXBuildFile; fileRef = 33212A9522BC319800F0E3C9 /* Main.storyboard */; };
		33212AA322BC319900F0E3C9 /* WhatsBehindDoorNumber___Tests.swift in Sources */ = {isa = PBXBuildFile; fileRef = 33212AA222BC319900F0E3C9 /* WhatsBehindDoorNumber___Tests.swift */; };
/* End PBXBuildFile section */

/* Begin PBXContainerItemProxy section */
		33212A9F22BC319800F0E3C9 /* PBXContainerItemProxy */ = {
			isa = PBXContainerItemProxy;
			containerPortal = 33212A8422BC319700F0E3C9 /* Project object */;
			proxyType = 1;
			remoteGlobalIDString = 33212A8B22BC319700F0E3C9;
			remoteInfo = WhatsBehindDoorNumber...;
		};
/* End PBXContainerItemProxy section */

/* Begin PBXFileReference section */
		33212A8C22BC319700F0E3C9 /* WhatsBehindDoorNumber....app */ = {isa = PBXFileReference; explicitFileType = wrapper.application; includeInIndex = 0; path = WhatsBehindDoorNumber....app; sourceTree = BUILT_PRODUCTS_DIR; };
		33212A8F22BC319700F0E3C9 /* AppDelegate.swift */ = {isa = PBXFileReference; lastKnownFileType = sourcecode.swift; path = AppDelegate.swift; sourceTree = "<group>"; };
		33212A9122BC319700F0E3C9 /* ViewController.swift */ = {isa = PBXFileReference; lastKnownFileType = sourcecode.swift; path = ViewController.swift; sourceTree = "<group>"; };
		33212A9322BC319800F0E3C9 /* Assets.xcassets */ = {isa = PBXFileReference; lastKnownFileType = folder.assetcatalog; path = Assets.xcassets; sourceTree = "<group>"; };
		33212A9622BC319800F0E3C9 /* Base */ = {isa = PBXFileReference; lastKnownFileType = file.storyboard; name = Base; path = Base.lproj/Main.storyboard; sourceTree = "<group>"; };
		33212A9822BC319800F0E3C9 /* Info.plist */ = {isa = PBXFileReference; lastKnownFileType = text.plist.xml; path = Info.plist; sourceTree = "<group>"; };
		33212A9922BC319800F0E3C9 /* WhatsBehindDoorNumber___.entitlements */ = {isa = PBXFileReference; lastKnownFileType = text.plist.entitlements; path = "WhatsBehindDoorNumber___.entitlements"; sourceTree = "<group>"; };
		33212A9E22BC319800F0E3C9 /* WhatsBehindDoorNumber...Tests.xctest */ = {isa = PBXFileReference; explicitFileType = wrapper.cfbundle; includeInIndex = 0; path = WhatsBehindDoorNumber...Tests.xctest; sourceTree = BUILT_PRODUCTS_DIR; };
		33212AA222BC319900F0E3C9 /* WhatsBehindDoorNumber___Tests.swift */ = {isa = PBXFileReference; lastKnownFileType = sourcecode.swift; path = "WhatsBehindDoorNumber___Tests.swift"; sourceTree = "<group>"; };
		33212AA422BC319900F0E3C9 /* Info.plist */ = {isa = PBXFileReference; lastKnownFileType = text.plist.xml; path = Info.plist; sourceTree = "<group>"; };
/* End PBXFileReference section */

/* Begin PBXFrameworksBuildPhase section */
		33212A8922BC319700F0E3C9 /* Frameworks */ = {
			isa = PBXFrameworksBuildPhase;
			buildActionMask = 2147483647;
			files = (
			);
			runOnlyForDeploymentPostprocessing = 0;
		};
		33212A9B22BC319800F0E3C9 /* Frameworks */ = {
			isa = PBXFrameworksBuildPhase;
			buildActionMask = 2147483647;
			files = (
			);
			runOnlyForDeploymentPostprocessing = 0;
		};
/* End PBXFrameworksBuildPhase section */

/* Begin PBXGroup section */
		33212A8322BC319700F0E3C9 = {
			isa = PBXGroup;
			children = (
				33212A8E22BC319700F0E3C9 /* WhatsBehindDoorNumber... */,
				33212AA122BC319800F0E3C9 /* WhatsBehindDoorNumber...Tests */,
				33212A8D22BC319700F0E3C9 /* Products */,
			);
			sourceTree = "<group>";
		};
		33212A8D22BC319700F0E3C9 /* Products */ = {
			isa = PBXGroup;
			children = (
				33212A8C22BC319700F0E3C9 /* WhatsBehindDoorNumber....app */,
				33212A9E22BC319800F0E3C9 /* WhatsBehindDoorNumber...Tests.xctest */,
			);
			name = Products;
			sourceTree = "<group>";
		};
		33212A8E22BC319700F0E3C9 /* WhatsBehindDoorNumber... */ = {
			isa = PBXGroup;
			children = (
				33212A8F22BC319700F0E3C9 /* AppDelegate.swift */,
				33212A9122BC319700F0E3C9 /* ViewController.swift */,
				33212A9322BC319800F0E3C9 /* Assets.xcassets */,
				33212A9522BC319800F0E3C9 /* Main.storyboard */,
				33212A9822BC319800F0E3C9 /* Info.plist */,
				33212A9922BC319800F0E3C9 /* WhatsBehindDoorNumber___.entitlements */,
			);
			path = WhatsBehindDoorNumber...;
			sourceTree = "<group>";
		};
		33212AA122BC319800F0E3C9 /* WhatsBehindDoorNumber...Tests */ = {
			isa = PBXGroup;
			children = (
				33212AA222BC319900F0E3C9 /* WhatsBehindDoorNumber___Tests.swift */,
				33212AA422BC319900F0E3C9 /* Info.plist */,
			);
			path = WhatsBehindDoorNumber...Tests;
			sourceTree = "<group>";
		};
/* End PBXGroup section */

/* Begin PBXNativeTarget section */
		33212A8B22BC319700F0E3C9 /* WhatsBehindDoorNumber... */ = {
			isa = PBXNativeTarget;
			buildConfigurationList = 33212AA722BC319900F0E3C9 /* Build configuration list for PBXNativeTarget "WhatsBehindDoorNumber..." */;
			buildPhases = (
				33212A8822BC319700F0E3C9 /* Sources */,
				33212A8922BC319700F0E3C9 /* Frameworks */,
				33212A8A22BC319700F0E3C9 /* Resources */,
			);
			buildRules = (
			);
			dependencies = (
			);
			name = WhatsBehindDoorNumber...;
			productName = WhatsBehindDoorNumber...;
			productReference = 33212A8C22BC319700F0E3C9 /* WhatsBehindDoorNumber....app */;
			productType = "com.apple.product-type.application";
		};
		33212A9D22BC319800F0E3C9 /* WhatsBehindDoorNumber...Tests */ = {
			isa = PBXNativeTarget;
			buildConfigurationList = 33212AAA22BC319900F0E3C9 /* Build configuration list for PBXNativeTarget "WhatsBehindDoorNumber...Tests" */;
			buildPhases = (
				33212A9A22BC319800F0E3C9 /* Sources */,
				33212A9B22BC319800F0E3C9 /* Frameworks */,
				33212A9C22BC319800F0E3C9 /* Resources */,
			);
			buildRules = (
			);
			dependencies = (
				33212AA022BC319800F0E3C9 /* PBXTargetDependency */,
			);
			name = WhatsBehindDoorNumber...Tests;
			productName = WhatsBehindDoorNumber...Tests;
			productReference = 33212A9E22BC319800F0E3C9 /* WhatsBehindDoorNumber...Tests.xctest */;
			productType = "com.apple.product-type.bundle.unit-test";
		};
/* End PBXNativeTarget section */

/* Begin PBXProject section */
		33212A8422BC319700F0E3C9 /* Project object */ = {
			isa = PBXProject;
			attributes = {
				LastSwiftUpdateCheck = 1020;
				LastUpgradeCheck = 1020;
				ORGANIZATIONNAME = "Red_Egg Productions";
				TargetAttributes = {
					33212A8B22BC319700F0E3C9 = {
						CreatedOnToolsVersion = 10.2.1;
					};
					33212A9D22BC319800F0E3C9 = {
						CreatedOnToolsVersion = 10.2.1;
						TestTargetID = 33212A8B22BC319700F0E3C9;
					};
				};
			};
			buildConfigurationList = 33212A8722BC319700F0E3C9 /* Build configuration list for PBXProject "WhatsBehindDoorNumber..." */;
			compatibilityVersion = "Xcode 9.3";
			developmentRegion = en;
			hasScannedForEncodings = 0;
			knownRegions = (
				en,
				Base,
			);
			mainGroup = 33212A8322BC319700F0E3C9;
			productRefGroup = 33212A8D22BC319700F0E3C9 /* Products */;
			projectDirPath = "";
			projectRoot = "";
			targets = (
				33212A8B22BC319700F0E3C9 /* WhatsBehindDoorNumber... */,
				33212A9D22BC319800F0E3C9 /* WhatsBehindDoorNumber...Tests */,
			);
		};
/* End PBXProject section */

/* Begin PBXResourcesBuildPhase section */
		33212A8A22BC319700F0E3C9 /* Resources */ = {
			isa = PBXResourcesBuildPhase;
			buildActionMask = 2147483647;
			files = (
				33212A9422BC319800F0E3C9 /* Assets.xcassets in Resources */,
				33212A9722BC319800F0E3C9 /* Main.storyboard in Resources */,
			);
			runOnlyForDeploymentPostprocessing = 0;
		};
		33212A9C22BC319800F0E3C9 /* Resources */ = {
			isa = PBXResourcesBuildPhase;
			buildActionMask = 2147483647;
			files = (
			);
			runOnlyForDeploymentPostprocessing = 0;
		};
/* End PBXResourcesBuildPhase section */

/* Begin PBXSourcesBuildPhase section */
		33212A8822BC319700F0E3C9 /* Sources */ = {
			isa = PBXSourcesBuildPhase;
			buildActionMask = 2147483647;
			files = (
				33212A9222BC319700F0E3C9 /* ViewController.swift in Sources */,
				33212A9022BC319700F0E3C9 /* AppDelegate.swift in Sources */,
			);
			runOnlyForDeploymentPostprocessing = 0;
		};
		33212A9A22BC319800F0E3C9 /* Sources */ = {
			isa = PBXSourcesBuildPhase;
			buildActionMask = 2147483647;
			files = (
				33212AA322BC319900F0E3C9 /* WhatsBehindDoorNumber___Tests.swift in Sources */,
			);
			runOnlyForDeploymentPostprocessing = 0;
		};
/* End PBXSourcesBuildPhase section */

/* Begin PBXTargetDependency section */
		33212AA022BC319800F0E3C9 /* PBXTargetDependency */ = {
			isa = PBXTargetDependency;
			target = 33212A8B22BC319700F0E3C9 /* WhatsBehindDoorNumber... */;
			targetProxy = 33212A9F22BC319800F0E3C9 /* PBXContainerItemProxy */;
		};
/* End PBXTargetDependency section */

/* Begin PBXVariantGroup section */
		33212A9522BC319800F0E3C9 /* Main.storyboard */ = {
			isa = PBXVariantGroup;
			children = (
				33212A9622BC319800F0E3C9 /* Base */,
			);
			name = Main.storyboard;
			sourceTree = "<group>";
		};
/* End PBXVariantGroup section */

/* Begin XCBuildConfiguration section */
		33212AA522BC319900F0E3C9 /* Debug */ = {
			isa = XCBuildConfiguration;
			buildSettings = {
				ALWAYS_SEARCH_USER_PATHS = NO;
				CLANG_ANALYZER_NONNULL = YES;
				CLANG_ANALYZER_NUMBER_OBJECT_CONVERSION = YES_AGGRESSIVE;
				CLANG_CXX_LANGUAGE_STANDARD = "gnu++14";
				CLANG_CXX_LIBRARY = "libc++";
				CLANG_ENABLE_MODULES = YES;
				CLANG_ENABLE_OBJC_ARC = YES;
				CLANG_ENABLE_OBJC_WEAK = YES;
				CLANG_WARN_BLOCK_CAPTURE_AUTORELEASING = YES;
				CLANG_WARN_BOOL_CONVERSION = YES;
				CLANG_WARN_COMMA = YES;
				CLANG_WARN_CONSTANT_CONVERSION = YES;
				CLANG_WARN_DEPRECATED_OBJC_IMPLEMENTATIONS = YES;
				CLANG_WARN_DIRECT_OBJC_ISA_USAGE = YES_ERROR;
				CLANG_WARN_DOCUMENTATION_COMMENTS = YES;
				CLANG_WARN_EMPTY_BODY = YES;
				CLANG_WARN_ENUM_CONVERSION = YES;
				CLANG_WARN_INFINITE_RECURSION = YES;
				CLANG_WARN_INT_CONVERSION = YES;
				CLANG_WARN_NON_LITERAL_NULL_CONVERSION = YES;
				CLANG_WARN_OBJC_IMPLICIT_RETAIN_SELF = YES;
				CLANG_WARN_OBJC_LITERAL_CONVERSION = YES;
				CLANG_WARN_OBJC_ROOT_CLASS = YES_ERROR;
				CLANG_WARN_RANGE_LOOP_ANALYSIS = YES;
				CLANG_WARN_STRICT_PROTOTYPES = YES;
				CLANG_WARN_SUSPICIOUS_MOVE = YES;
				CLANG_WARN_UNGUARDED_AVAILABILITY = YES_AGGRESSIVE;
				CLANG_WARN_UNREACHABLE_CODE = YES;
				CLANG_WARN__DUPLICATE_METHOD_MATCH = YES;
				CODE_SIGN_IDENTITY = "Mac Developer";
				COPY_PHASE_STRIP = NO;
				DEBUG_INFORMATION_FORMAT = dwarf;
				ENABLE_STRICT_OBJC_MSGSEND = YES;
				ENABLE_TESTABILITY = YES;
				GCC_C_LANGUAGE_STANDARD = gnu11;
				GCC_DYNAMIC_NO_PIC = NO;
				GCC_NO_COMMON_BLOCKS = YES;
				GCC_OPTIMIZATION_LEVEL = 0;
				GCC_PREPROCESSOR_DEFINITIONS = (
					"DEBUG=1",
					"$(inherited)",
				);
				GCC_WARN_64_TO_32_BIT_CONVERSION = YES;
				GCC_WARN_ABOUT_RETURN_TYPE = YES_ERROR;
				GCC_WARN_UNDECLARED_SELECTOR = YES;
				GCC_WARN_UNINITIALIZED_AUTOS = YES_AGGRESSIVE;
				GCC_WARN_UNUSED_FUNCTION = YES;
				GCC_WARN_UNUSED_VARIABLE = YES;
				MACOSX_DEPLOYMENT_TARGET = 10.14;
				MTL_ENABLE_DEBUG_INFO = INCLUDE_SOURCE;
				MTL_FAST_MATH = YES;
				ONLY_ACTIVE_ARCH = YES;
				SDKROOT = macosx;
				SWIFT_ACTIVE_COMPILATION_CONDITIONS = DEBUG;
				SWIFT_OPTIMIZATION_LEVEL = "-Onone";
			};
			name = Debug;
		};
		33212AA622BC319900F0E3C9 /* Release */ = {
			isa = XCBuildConfiguration;
			buildSettings = {
				ALWAYS_SEARCH_USER_PATHS = NO;
				CLANG_ANALYZER_NONNULL = YES;
				CLANG_ANALYZER_NUMBER_OBJECT_CONVERSION = YES_AGGRESSIVE;
				CLANG_CXX_LANGUAGE_STANDARD = "gnu++14";
				CLANG_CXX_LIBRARY = "libc++";
				CLANG_ENABLE_MODULES = YES;
				CLANG_ENABLE_OBJC_ARC = YES;
				CLANG_ENABLE_OBJC_WEAK = YES;
				CLANG_WARN_BLOCK_CAPTURE_AUTORELEASING = YES;
				CLANG_WARN_BOOL_CONVERSION = YES;
				CLANG_WARN_COMMA = YES;
				CLANG_WARN_CONSTANT_CONVERSION = YES;
				CLANG_WARN_DEPRECATED_OBJC_IMPLEMENTATIONS = YES;
				CLANG_WARN_DIRECT_OBJC_ISA_USAGE = YES_ERROR;
				CLANG_WARN_DOCUMENTATION_COMMENTS = YES;
				CLANG_WARN_EMPTY_BODY = YES;
				CLANG_WARN_ENUM_CONVERSION = YES;
				CLANG_WARN_INFINITE_RECURSION = YES;
				CLANG_WARN_INT_CONVERSION = YES;
				CLANG_WARN_NON_LITERAL_NULL_CONVERSION = YES;
				CLANG_WARN_OBJC_IMPLICIT_RETAIN_SELF = YES;
				CLANG_WARN_OBJC_LITERAL_CONVERSION = YES;
				CLANG_WARN_OBJC_ROOT_CLASS = YES_ERROR;
				CLANG_WARN_RANGE_LOOP_ANALYSIS = YES;
				CLANG_WARN_STRICT_PROTOTYPES = YES;
				CLANG_WARN_SUSPICIOUS_MOVE = YES;
				CLANG_WARN_UNGUARDED_AVAILABILITY = YES_AGGRESSIVE;
				CLANG_WARN_UNREACHABLE_CODE = YES;
				CLANG_WARN__DUPLICATE_METHOD_MATCH = YES;
				CODE_SIGN_IDENTITY = "Mac Developer";
				COPY_PHASE_STRIP = NO;
				DEBUG_INFORMATION_FORMAT = "dwarf-with-dsym";
				ENABLE_NS_ASSERTIONS = NO;
				ENABLE_STRICT_OBJC_MSGSEND = YES;
				GCC_C_LANGUAGE_STANDARD = gnu11;
				GCC_NO_COMMON_BLOCKS = YES;
				GCC_WARN_64_TO_32_BIT_CONVERSION = YES;
				GCC_WARN_ABOUT_RETURN_TYPE = YES_ERROR;
				GCC_WARN_UNDECLARED_SELECTOR = YES;
				GCC_WARN_UNINITIALIZED_AUTOS = YES_AGGRESSIVE;
				GCC_WARN_UNUSED_FUNCTION = YES;
				GCC_WARN_UNUSED_VARIABLE = YES;
				MACOSX_DEPLOYMENT_TARGET = 10.14;
				MTL_ENABLE_DEBUG_INFO = NO;
				MTL_FAST_MATH = YES;
				SDKROOT = macosx;
				SWIFT_COMPILATION_MODE = wholemodule;
				SWIFT_OPTIMIZATION_LEVEL = "-O";
			};
			name = Release;
		};
		33212AA822BC319900F0E3C9 /* Debug */ = {
			isa = XCBuildConfiguration;
			buildSettings = {
				ASSETCATALOG_COMPILER_APPICON_NAME = AppIcon;
				CODE_SIGN_ENTITLEMENTS = "WhatsBehindDoorNumber.../WhatsBehindDoorNumber___.entitlements";
				CODE_SIGN_STYLE = Automatic;
				COMBINE_HIDPI_IMAGES = YES;
				DEVELOPMENT_TEAM = L5UZAT7KA9;
				INFOPLIST_FILE = WhatsBehindDoorNumber.../Info.plist;
				LD_RUNPATH_SEARCH_PATHS = (
					"$(inherited)",
					"@executable_path/../Frameworks",
				);
				PRODUCT_BUNDLE_IDENTIFIER = "com.redeggproductions.WhatsBehindDoorNumber---";
				PRODUCT_NAME = "$(TARGET_NAME)";
				SWIFT_VERSION = 5.0;
			};
			name = Debug;
		};
		33212AA922BC319900F0E3C9 /* Release */ = {
			isa = XCBuildConfiguration;
			buildSettings = {
				ASSETCATALOG_COMPILER_APPICON_NAME = AppIcon;
				CODE_SIGN_ENTITLEMENTS = "WhatsBehindDoorNumber.../WhatsBehindDoorNumber___.entitlements";
				CODE_SIGN_STYLE = Automatic;
				COMBINE_HIDPI_IMAGES = YES;
				DEVELOPMENT_TEAM = L5UZAT7KA9;
				INFOPLIST_FILE = WhatsBehindDoorNumber.../Info.plist;
				LD_RUNPATH_SEARCH_PATHS = (
					"$(inherited)",
					"@executable_path/../Frameworks",
				);
				PRODUCT_BUNDLE_IDENTIFIER = "com.redeggproductions.WhatsBehindDoorNumber---";
				PRODUCT_NAME = "$(TARGET_NAME)";
				SWIFT_VERSION = 5.0;
			};
			name = Release;
		};
		33212AAB22BC319900F0E3C9 /* Debug */ = {
			isa = XCBuildConfiguration;
			buildSettings = {
				ALWAYS_EMBED_SWIFT_STANDARD_LIBRARIES = YES;
				BUNDLE_LOADER = "$(TEST_HOST)";
				CODE_SIGN_STYLE = Automatic;
				COMBINE_HIDPI_IMAGES = YES;
				DEVELOPMENT_TEAM = L5UZAT7KA9;
				INFOPLIST_FILE = WhatsBehindDoorNumber...Tests/Info.plist;
				LD_RUNPATH_SEARCH_PATHS = (
					"$(inherited)",
					"@executable_path/../Frameworks",
					"@loader_path/../Frameworks",
				);
				PRODUCT_BUNDLE_IDENTIFIER = "com.redeggproductions.WhatsBehindDoorNumber---Tests";
				PRODUCT_NAME = "$(TARGET_NAME)";
				SWIFT_VERSION = 5.0;
				TEST_HOST = "$(BUILT_PRODUCTS_DIR)/WhatsBehindDoorNumber....app/Contents/MacOS/WhatsBehindDoorNumber...";
			};
			name = Debug;
		};
		33212AAC22BC319900F0E3C9 /* Release */ = {
			isa = XCBuildConfiguration;
			buildSettings = {
				ALWAYS_EMBED_SWIFT_STANDARD_LIBRARIES = YES;
				BUNDLE_LOADER = "$(TEST_HOST)";
				CODE_SIGN_STYLE = Automatic;
				COMBINE_HIDPI_IMAGES = YES;
				DEVELOPMENT_TEAM = L5UZAT7KA9;
				INFOPLIST_FILE = WhatsBehindDoorNumber...Tests/Info.plist;
				LD_RUNPATH_SEARCH_PATHS = (
					"$(inherited)",
					"@executable_path/../Frameworks",
					"@loader_path/../Frameworks",
				);
				PRODUCT_BUNDLE_IDENTIFIER = "com.redeggproductions.WhatsBehindDoorNumber---Tests";
				PRODUCT_NAME = "$(TARGET_NAME)";
				SWIFT_VERSION = 5.0;
				TEST_HOST = "$(BUILT_PRODUCTS_DIR)/WhatsBehindDoorNumber....app/Contents/MacOS/WhatsBehindDoorNumber...";
			};
			name = Release;
		};
/* End XCBuildConfiguration section */

/* Begin XCConfigurationList section */
		33212A8722BC319700F0E3C9 /* Build configuration list for PBXProject "WhatsBehindDoorNumber..." */ = {
			isa = XCConfigurationList;
			buildConfigurations = (
				33212AA522BC319900F0E3C9 /* Debug */,
				33212AA622BC319900F0E3C9 /* Release */,
			);
			defaultConfigurationIsVisible = 0;
			defaultConfigurationName = Release;
		};
		33212AA722BC319900F0E3C9 /* Build configuration list for PBXNativeTarget "WhatsBehindDoorNumber..." */ = {
			isa = XCConfigurationList;
			buildConfigurations = (
				33212AA822BC319900F0E3C9 /* Debug */,
				33212AA922BC319900F0E3C9 /* Release */,
			);
			defaultConfigurationIsVisible = 0;
			defaultConfigurationName = Release;
		};
		33212AAA22BC319900F0E3C9 /* Build configuration list for PBXNativeTarget "WhatsBehindDoorNumber...Tests" */ = {
			isa = XCConfigurationList;
			buildConfigurations = (
				33212AAB22BC319900F0E3C9 /* Debug */,
				33212AAC22BC319900F0E3C9 /* Release */,
			);
			defaultConfigurationIsVisible = 0;
			defaultConfigurationName = Release;
		};
/* End XCConfigurationList section */
	};
	rootObject = 33212A8422BC319700F0E3C9 /* Project object */;
}
